
Microsoft Visual Studio Solution File, Format Version 12.00
# Visual Studio Version 16
VisualStudioVersion = 16.0.32106.194
MinimumVisualStudioVersion = 10.0.40219.1
Project("{FAE04EC0-301F-11D3-BF4B-00C04F79EFBC}") = "LoginFOrmWithImage", "LoginFOrmWithImage\LoginFOrmWithImage.csproj", "{F397067E-94A6-4575-9A41-7EB70BBD54DE}"
EndProject
Global
	GlobalSection(SolutionConfigurationPlatforms) = preSolution
		Debug|Any CPU = Debug|Any CPU
		Release|Any CPU = Release|Any CPU
	EndGlobalSection
	GlobalSection(ProjectConfigurationPlatforms) = postSolution
		{F397067E-94A6-4575-9A41-7EB70BBD54DE}.Debug|Any CPU.ActiveCfg = Debug|Any CPU
		{F397067E-94A6-4575-9A41-7EB70BBD54DE}.Debug|Any CPU.Build.0 = Debug|Any CPU
		{F397067E-94A6-4575-9A41-7EB70BBD54DE}.Release|Any CPU.ActiveCfg = Release|Any CPU
		{F397067E-94A6-4575-9A41-7EB70BBD54DE}.Release|Any CPU.Build.0 = Release|Any CPU
	EndGlobalSection
	GlobalSection(SolutionProperties) = preSolution
		HideSolutionNode = FALSE
	EndGlobalSection
	GlobalSection(ExtensibilityGlobals) = postSolution
		SolutionGuid = {F38DEDD6-CE3E-47E3-82FA-1BAE8FBE9363}
	EndGlobalSection
EndGlobal
